// !$*UTF8*$!
{
	archiveVersion = 1;
	classes = {
	};
	objectVersion = 46;
	objects = {

/* Begin PBXBuildFile section */
		2A69C6226B7645A2B45A5131 /* libPods.a in Frameworks */ = {isa = PBXBuildFile; fileRef = EA2F93972D7B4896BE396463 /* libPods.a */; };
		ABAF9B5716B615A7000F39A0 /* UIKit.framework in Frameworks */ = {isa = PBXBuildFile; fileRef = ABAF9B5616B615A7000F39A0 /* UIKit.framework */; };
		ABAF9B5916B615A7000F39A0 /* Foundation.framework in Frameworks */ = {isa = PBXBuildFile; fileRef = ABAF9B5816B615A7000F39A0 /* Foundation.framework */; };
		ABAF9B5B16B615A7000F39A0 /* CoreGraphics.framework in Frameworks */ = {isa = PBXBuildFile; fileRef = ABAF9B5A16B615A7000F39A0 /* CoreGraphics.framework */; };
		ABAF9B6116B615A7000F39A0 /* InfoPlist.strings in Resources */ = {isa = PBXBuildFile; fileRef = ABAF9B5F16B615A7000F39A0 /* InfoPlist.strings */; };
		ABAF9B6316B615A7000F39A0 /* main.m in Sources */ = {isa = PBXBuildFile; fileRef = ABAF9B6216B615A7000F39A0 /* main.m */; };
		ABAF9B6716B615A7000F39A0 /* MYDEBUGERAppDelegate.m in Sources */ = {isa = PBXBuildFile; fileRef = ABAF9B6616B615A7000F39A0 /* MYDEBUGERAppDelegate.m */; };
		ABAF9B6916B615A7000F39A0 /* Default.png in Resources */ = {isa = PBXBuildFile; fileRef = ABAF9B6816B615A7000F39A0 /* Default.png */; };
		ABAF9B6B16B615A7000F39A0 /* Default@2x.png in Resources */ = {isa = PBXBuildFile; fileRef = ABAF9B6A16B615A7000F39A0 /* Default@2x.png */; };
		ABAF9B6D16B615A7000F39A0 /* Default-568h@2x.png in Resources */ = {isa = PBXBuildFile; fileRef = ABAF9B6C16B615A7000F39A0 /* Default-568h@2x.png */; };
		ABAF9B8116B61A4A000F39A0 /* MYDebugBonjourListView.m in Sources */ = {isa = PBXBuildFile; fileRef = ABAF9B7E16B61A4A000F39A0 /* MYDebugBonjourListView.m */; };
		ABAF9B8216B61A4A000F39A0 /* MYDebugWindow.m in Sources */ = {isa = PBXBuildFile; fileRef = ABAF9B8016B61A4A000F39A0 /* MYDebugWindow.m */; };
/* End PBXBuildFile section */

/* Begin PBXFileReference section */
		7A4AB1C9C94340DDA1305F87 /* Pods.xcconfig */ = {isa = PBXFileReference; includeInIndex = 1; lastKnownFileType = text.xcconfig; name = Pods.xcconfig; path = Pods/Pods.xcconfig; sourceTree = SOURCE_ROOT; };
		ABAF9B5216B615A7000F39A0 /* MYFrameworkDebuger.app */ = {isa = PBXFileReference; explicitFileType = wrapper.application; includeInIndex = 0; path = MYFrameworkDebuger.app; sourceTree = BUILT_PRODUCTS_DIR; };
		ABAF9B5616B615A7000F39A0 /* UIKit.framework */ = {isa = PBXFileReference; lastKnownFileType = wrapper.framework; name = UIKit.framework; path = System/Library/Frameworks/UIKit.framework; sourceTree = SDKROOT; };
		ABAF9B5816B615A7000F39A0 /* Foundation.framework */ = {isa = PBXFileReference; lastKnownFileType = wrapper.framework; name = Foundation.framework; path = System/Library/Frameworks/Foundation.framework; sourceTree = SDKROOT; };
		ABAF9B5A16B615A7000F39A0 /* CoreGraphics.framework */ = {isa = PBXFileReference; lastKnownFileType = wrapper.framework; name = CoreGraphics.framework; path = System/Library/Frameworks/CoreGraphics.framework; sourceTree = SDKROOT; };
		ABAF9B5E16B615A7000F39A0 /* MYFrameworkDebuger-Info.plist */ = {isa = PBXFileReference; lastKnownFileType = text.plist.xml; path = "MYFrameworkDebuger-Info.plist"; sourceTree = "<group>"; };
		ABAF9B6016B615A7000F39A0 /* en */ = {isa = PBXFileReference; lastKnownFileType = text.plist.strings; name = en; path = en.lproj/InfoPlist.strings; sourceTree = "<group>"; };
		ABAF9B6216B615A7000F39A0 /* main.m */ = {isa = PBXFileReference; lastKnownFileType = sourcecode.c.objc; path = main.m; sourceTree = "<group>"; };
		ABAF9B6416B615A7000F39A0 /* MYFrameworkDebuger-Prefix.pch */ = {isa = PBXFileReference; lastKnownFileType = sourcecode.c.h; path = "MYFrameworkDebuger-Prefix.pch"; sourceTree = "<group>"; };
		ABAF9B6516B615A7000F39A0 /* MYDEBUGERAppDelegate.h */ = {isa = PBXFileReference; lastKnownFileType = sourcecode.c.h; path = MYDEBUGERAppDelegate.h; sourceTree = "<group>"; };
		ABAF9B6616B615A7000F39A0 /* MYDEBUGERAppDelegate.m */ = {isa = PBXFileReference; lastKnownFileType = sourcecode.c.objc; path = MYDEBUGERAppDelegate.m; sourceTree = "<group>"; };
		ABAF9B6816B615A7000F39A0 /* Default.png */ = {isa = PBXFileReference; lastKnownFileType = image.png; path = Default.png; sourceTree = "<group>"; };
		ABAF9B6A16B615A7000F39A0 /* Default@2x.png */ = {isa = PBXFileReference; lastKnownFileType = image.png; path = "Default@2x.png"; sourceTree = "<group>"; };
		ABAF9B6C16B615A7000F39A0 /* Default-568h@2x.png */ = {isa = PBXFileReference; lastKnownFileType = image.png; path = "Default-568h@2x.png"; sourceTree = "<group>"; };
		ABAF9B7D16B61A4A000F39A0 /* MYDebugBonjourListView.h */ = {isa = PBXFileReference; fileEncoding = 4; lastKnownFileType = sourcecode.c.h; path = MYDebugBonjourListView.h; sourceTree = "<group>"; };
		ABAF9B7E16B61A4A000F39A0 /* MYDebugBonjourListView.m */ = {isa = PBXFileReference; fileEncoding = 4; lastKnownFileType = sourcecode.c.objc; path = MYDebugBonjourListView.m; sourceTree = "<group>"; };
		ABAF9B7F16B61A4A000F39A0 /* MYDebugWindow.h */ = {isa = PBXFileReference; fileEncoding = 4; lastKnownFileType = sourcecode.c.h; path = MYDebugWindow.h; sourceTree = "<group>"; };
		ABAF9B8016B61A4A000F39A0 /* MYDebugWindow.m */ = {isa = PBXFileReference; fileEncoding = 4; lastKnownFileType = sourcecode.c.objc; path = MYDebugWindow.m; sourceTree = "<group>"; };
		ABAF9B8316B61AC3000F39A0 /* MYFrameworkDebuger-Prefix.pch */ = {isa = PBXFileReference; lastKnownFileType = sourcecode.c.h; path = "MYFrameworkDebuger-Prefix.pch"; sourceTree = "<group>"; };
		EA2F93972D7B4896BE396463 /* libPods.a */ = {isa = PBXFileReference; explicitFileType = archive.ar; includeInIndex = 0; path = libPods.a; sourceTree = BUILT_PRODUCTS_DIR; };
/* End PBXFileReference section */

/* Begin PBXFrameworksBuildPhase section */
		ABAF9B4F16B615A7000F39A0 /* Frameworks */ = {
			isa = PBXFrameworksBuildPhase;
			buildActionMask = 2147483647;
			files = (
				ABAF9B5716B615A7000F39A0 /* UIKit.framework in Frameworks */,
				ABAF9B5916B615A7000F39A0 /* Foundation.framework in Frameworks */,
				ABAF9B5B16B615A7000F39A0 /* CoreGraphics.framework in Frameworks */,
				2A69C6226B7645A2B45A5131 /* libPods.a in Frameworks */,
			);
			runOnlyForDeploymentPostprocessing = 0;
		};
/* End PBXFrameworksBuildPhase section */

/* Begin PBXGroup section */
		ABAF9B4716B615A7000F39A0 = {
			isa = PBXGroup;
			children = (
				ABAF9B5C16B615A7000F39A0 /* MYFrameworkDebuger */,
				ABAF9B5516B615A7000F39A0 /* Frameworks */,
				ABAF9B5316B615A7000F39A0 /* Products */,
				7A4AB1C9C94340DDA1305F87 /* Pods.xcconfig */,
			);
			sourceTree = "<group>";
		};
		ABAF9B5316B615A7000F39A0 /* Products */ = {
			isa = PBXGroup;
			children = (
				ABAF9B5216B615A7000F39A0 /* MYFrameworkDebuger.app */,
			);
			name = Products;
			sourceTree = "<group>";
		};
		ABAF9B5516B615A7000F39A0 /* Frameworks */ = {
			isa = PBXGroup;
			children = (
				ABAF9B5616B615A7000F39A0 /* UIKit.framework */,
				ABAF9B5816B615A7000F39A0 /* Foundation.framework */,
				ABAF9B5A16B615A7000F39A0 /* CoreGraphics.framework */,
				EA2F93972D7B4896BE396463 /* libPods.a */,
			);
			name = Frameworks;
			sourceTree = "<group>";
		};
		ABAF9B5C16B615A7000F39A0 /* MYFrameworkDebuger */ = {
			isa = PBXGroup;
			children = (
				ABAF9B7A16B61923000F39A0 /* Shared */,
				ABAF9B6516B615A7000F39A0 /* MYDEBUGERAppDelegate.h */,
				ABAF9B6616B615A7000F39A0 /* MYDEBUGERAppDelegate.m */,
				ABAF9B5D16B615A7000F39A0 /* Supporting Files */,
			);
			path = MYFrameworkDebuger;
			sourceTree = "<group>";
		};
		ABAF9B5D16B615A7000F39A0 /* Supporting Files */ = {
			isa = PBXGroup;
			children = (
				ABAF9B5E16B615A7000F39A0 /* MYFrameworkDebuger-Info.plist */,
				ABAF9B5F16B615A7000F39A0 /* InfoPlist.strings */,
				ABAF9B6216B615A7000F39A0 /* main.m */,
				ABAF9B6416B615A7000F39A0 /* MYFrameworkDebuger-Prefix.pch */,
				ABAF9B6816B615A7000F39A0 /* Default.png */,
				ABAF9B6A16B615A7000F39A0 /* Default@2x.png */,
				ABAF9B6C16B615A7000F39A0 /* Default-568h@2x.png */,
			);
			name = "Supporting Files";
			sourceTree = "<group>";
		};
		ABAF9B7A16B61923000F39A0 /* Shared */ = {
			isa = PBXGroup;
			children = (
				ABAF9B7C16B61A4A000F39A0 /* MYDebugView */,
				ABAF9B7F16B61A4A000F39A0 /* MYDebugWindow.h */,
				ABAF9B8016B61A4A000F39A0 /* MYDebugWindow.m */,
				ABAF9B8316B61AC3000F39A0 /* MYFrameworkDebuger-Prefix.pch */,
			);
			path = Shared;
			sourceTree = "<group>";
		};
		ABAF9B7C16B61A4A000F39A0 /* MYDebugView */ = {
			isa = PBXGroup;
			children = (
				ABAF9B7D16B61A4A000F39A0 /* MYDebugBonjourListView.h */,
				ABAF9B7E16B61A4A000F39A0 /* MYDebugBonjourListView.m */,
			);
			path = MYDebugView;
			sourceTree = "<group>";
		};
/* End PBXGroup section */

/* Begin PBXNativeTarget section */
		ABAF9B5116B615A7000F39A0 /* MYFrameworkDebuger */ = {
			isa = PBXNativeTarget;
			buildConfigurationList = ABAF9B7016B615A7000F39A0 /* Build configuration list for PBXNativeTarget "MYFrameworkDebuger" */;
			buildPhases = (
				ABAF9B4E16B615A7000F39A0 /* Sources */,
				ABAF9B4F16B615A7000F39A0 /* Frameworks */,
				ABAF9B5016B615A7000F39A0 /* Resources */,
				44B94C2BA82A4CF8ACC32EE7 /* Copy Pods Resources */,
			);
			buildRules = (
			);
			dependencies = (
			);
			name = MYFrameworkDebuger;
			productName = MYFrameworkDebuger;
			productReference = ABAF9B5216B615A7000F39A0 /* MYFrameworkDebuger.app */;
			productType = "com.apple.product-type.application";
		};
/* End PBXNativeTarget section */

/* Begin PBXProject section */
		ABAF9B4916B615A7000F39A0 /* Project object */ = {
			isa = PBXProject;
			attributes = {
				CLASSPREFIX = MYDEBUGER;
				LastUpgradeCheck = 0450;
				ORGANIZATIONNAME = BOOHEE;
			};
			buildConfigurationList = ABAF9B4C16B615A7000F39A0 /* Build configuration list for PBXProject "MYFrameworkDebuger" */;
			compatibilityVersion = "Xcode 3.2";
			developmentRegion = English;
			hasScannedForEncodings = 0;
			knownRegions = (
				en,
			);
			mainGroup = ABAF9B4716B615A7000F39A0;
			productRefGroup = ABAF9B5316B615A7000F39A0 /* Products */;
			projectDirPath = "";
			projectRoot = "";
			targets = (
				ABAF9B5116B615A7000F39A0 /* MYFrameworkDebuger */,
			);
		};
/* End PBXProject section */

/* Begin PBXResourcesBuildPhase section */
		ABAF9B5016B615A7000F39A0 /* Resources */ = {
			isa = PBXResourcesBuildPhase;
			buildActionMask = 2147483647;
			files = (
				ABAF9B6116B615A7000F39A0 /* InfoPlist.strings in Resources */,
				ABAF9B6916B615A7000F39A0 /* Default.png in Resources */,
				ABAF9B6B16B615A7000F39A0 /* Default@2x.png in Resources */,
				ABAF9B6D16B615A7000F39A0 /* Default-568h@2x.png in Resources */,
			);
			runOnlyForDeploymentPostprocessing = 0;
		};
/* End PBXResourcesBuildPhase section */

/* Begin PBXShellScriptBuildPhase section */
		44B94C2BA82A4CF8ACC32EE7 /* Copy Pods Resources */ = {
			isa = PBXShellScriptBuildPhase;
			buildActionMask = 2147483647;
			files = (
			);
			inputPaths = (
			);
			name = "Copy Pods Resources";
			outputPaths = (
			);
			runOnlyForDeploymentPostprocessing = 0;
			shellPath = /bin/sh;
			shellScript = "\"${SRCROOT}/Pods/Pods-resources.sh\"\n";
		};
/* End PBXShellScriptBuildPhase section */

/* Begin PBXSourcesBuildPhase section */
		ABAF9B4E16B615A7000F39A0 /* Sources */ = {
			isa = PBXSourcesBuildPhase;
			buildActionMask = 2147483647;
			files = (
				ABAF9B6316B615A7000F39A0 /* main.m in Sources */,
				ABAF9B6716B615A7000F39A0 /* MYDEBUGERAppDelegate.m in Sources */,
				ABAF9B8116B61A4A000F39A0 /* MYDebugBonjourListView.m in Sources */,
				ABAF9B8216B61A4A000F39A0 /* MYDebugWindow.m in Sources */,
			);
			runOnlyForDeploymentPostprocessing = 0;
		};
/* End PBXSourcesBuildPhase section */

/* Begin PBXVariantGroup section */
		ABAF9B5F16B615A7000F39A0 /* InfoPlist.strings */ = {
			isa = PBXVariantGroup;
			children = (
				ABAF9B6016B615A7000F39A0 /* en */,
			);
			name = InfoPlist.strings;
			sourceTree = "<group>";
		};
/* End PBXVariantGroup section */

/* Begin XCBuildConfiguration section */
		ABAF9B6E16B615A7000F39A0 /* Debug */ = {
			isa = XCBuildConfiguration;
			buildSettings = {
				ALWAYS_SEARCH_USER_PATHS = NO;
				CLANG_CXX_LANGUAGE_STANDARD = "gnu++0x";
				CLANG_CXX_LIBRARY = "libc++";
				CLANG_WARN_EMPTY_BODY = YES;
				CLANG_WARN__DUPLICATE_METHOD_MATCH = YES;
				"CODE_SIGN_IDENTITY[sdk=iphoneos*]" = "iPhone Developer";
				COPY_PHASE_STRIP = NO;
				GCC_C_LANGUAGE_STANDARD = gnu99;
				GCC_DYNAMIC_NO_PIC = NO;
				GCC_OPTIMIZATION_LEVEL = 0;
				GCC_PREPROCESSOR_DEFINITIONS = (
					"DEBUG=1",
					"$(inherited)",
				);
				GCC_SYMBOLS_PRIVATE_EXTERN = NO;
				GCC_WARN_ABOUT_RETURN_TYPE = YES;
				GCC_WARN_UNINITIALIZED_AUTOS = YES;
				GCC_WARN_UNUSED_VARIABLE = YES;
				IPHONEOS_DEPLOYMENT_TARGET = 6.0;
				ONLY_ACTIVE_ARCH = YES;
				SDKROOT = iphoneos;
			};
			name = Debug;
		};
		ABAF9B6F16B615A7000F39A0 /* Release */ = {
			isa = XCBuildConfiguration;
			buildSettings = {
				ALWAYS_SEARCH_USER_PATHS = NO;
				CLANG_CXX_LANGUAGE_STANDARD = "gnu++0x";
				CLANG_CXX_LIBRARY = "libc++";
				CLANG_WARN_EMPTY_BODY = YES;
				CLANG_WARN__DUPLICATE_METHOD_MATCH = YES;
				"CODE_SIGN_IDENTITY[sdk=iphoneos*]" = "iPhone Developer";
				COPY_PHASE_STRIP = YES;
				GCC_C_LANGUAGE_STANDARD = gnu99;
				GCC_WARN_ABOUT_RETURN_TYPE = YES;
				GCC_WARN_UNINITIALIZED_AUTOS = YES;
				GCC_WARN_UNUSED_VARIABLE = YES;
				IPHONEOS_DEPLOYMENT_TARGET = 6.0;
				OTHER_CFLAGS = "-DNS_BLOCK_ASSERTIONS=1";
				SDKROOT = iphoneos;
				VALIDATE_PRODUCT = YES;
			};
			name = Release;
		};
		ABAF9B7116B615A7000F39A0 /* Debug */ = {
			isa = XCBuildConfiguration;
			baseConfigurationReference = 7A4AB1C9C94340DDA1305F87 /* Pods.xcconfig */;
			buildSettings = {
				GCC_PRECOMPILE_PREFIX_HEADER = YES;
				GCC_PREFIX_HEADER = "MYFrameworkDebuger/MYFrameworkDebuger-Prefix.pch";
				INFOPLIST_FILE = "MYFrameworkDebuger/MYFrameworkDebuger-Info.plist";
				PRODUCT_NAME = "$(TARGET_NAME)";
				WRAPPER_EXTENSION = app;
			};
			name = Debug;
		};
		ABAF9B7216B615A7000F39A0 /* Release */ = {
			isa = XCBuildConfiguration;
			baseConfigurationReference = 7A4AB1C9C94340DDA1305F87 /* Pods.xcconfig */;
			buildSettings = {
				GCC_PRECOMPILE_PREFIX_HEADER = YES;
				GCC_PREFIX_HEADER = "MYFrameworkDebuger/MYFrameworkDebuger-Prefix.pch";
				INFOPLIST_FILE = "MYFrameworkDebuger/MYFrameworkDebuger-Info.plist";
				PRODUCT_NAME = "$(TARGET_NAME)";
				WRAPPER_EXTENSION = app;
			};
			name = Release;
		};
/* End XCBuildConfiguration section */

/* Begin XCConfigurationList section */
		ABAF9B4C16B615A7000F39A0 /* Build configuration list for PBXProject "MYFrameworkDebuger" */ = {
			isa = XCConfigurationList;
			buildConfigurations = (
				ABAF9B6E16B615A7000F39A0 /* Debug */,
				ABAF9B6F16B615A7000F39A0 /* Release */,
			);
			defaultConfigurationIsVisible = 0;
			defaultConfigurationName = Release;
		};
		ABAF9B7016B615A7000F39A0 /* Build configuration list for PBXNativeTarget "MYFrameworkDebuger" */ = {
			isa = XCConfigurationList;
			buildConfigurations = (
				ABAF9B7116B615A7000F39A0 /* Debug */,
				ABAF9B7216B615A7000F39A0 /* Release */,
			);
			defaultConfigurationIsVisible = 0;
			defaultConfigurationName = Release;
		};
/* End XCConfigurationList section */
	};
	rootObject = ABAF9B4916B615A7000F39A0 /* Project object */;
}
